
Microsoft Visual Studio Solution File, Format Version 12.00
# Visual Studio Version 17
VisualStudioVersion = 17.0.32014.148
MinimumVisualStudioVersion = 10.0.40219.1
Project("{FAE04EC0-301F-11D3-BF4B-00C04F79EFBC}") = "Helperland", "Helperland.csproj", "{44533E36-C0CF-4ED7-944F-50537FACB38C}"
EndProject
Global
	GlobalSection(SolutionConfigurationPlatforms) = preSolution
		Debug|Any CPU = Debug|Any CPU
		Release|Any CPU = Release|Any CPU
	EndGlobalSection
	GlobalSection(ProjectConfigurationPlatforms) = postSolution
		{44533E36-C0CF-4ED7-944F-50537FACB38C}.Debug|Any CPU.ActiveCfg = Debug|Any CPU
		{44533E36-C0CF-4ED7-944F-50537FACB38C}.Debug|Any CPU.Build.0 = Debug|Any CPU
		{44533E36-C0CF-4ED7-944F-50537FACB38C}.Release|Any CPU.ActiveCfg = Release|Any CPU
		{44533E36-C0CF-4ED7-944F-50537FACB38C}.Release|Any CPU.Build.0 = Release|Any CPU
	EndGlobalSection
	GlobalSection(SolutionProperties) = preSolution
		HideSolutionNode = FALSE
	EndGlobalSection
	GlobalSection(ExtensibilityGlobals) = postSolution
		SolutionGuid = {B9664950-E125-459F-B60A-27F3494FC370}
	EndGlobalSection
EndGlobal
